
Microsoft Visual Studio Solution File, Format Version 12.00
# Visual Studio Version 17
VisualStudioVersion = 17.2.32616.157
MinimumVisualStudioVersion = 10.0.40219.1
Project("{FAE04EC0-301F-11D3-BF4B-00C04F79EFBC}") = "Diziler1", "Diziler1\Diziler1.csproj", "{285DA541-74D2-45F8-AFB9-52CCA1006661}"
EndProject
Global
	GlobalSection(SolutionConfigurationPlatforms) = preSolution
		Debug|Any CPU = Debug|Any CPU
		Release|Any CPU = Release|Any CPU
	EndGlobalSection
	GlobalSection(ProjectConfigurationPlatforms) = postSolution
		{285DA541-74D2-45F8-AFB9-52CCA1006661}.Debug|Any CPU.ActiveCfg = Debug|Any CPU
		{285DA541-74D2-45F8-AFB9-52CCA1006661}.Debug|Any CPU.Build.0 = Debug|Any CPU
		{285DA541-74D2-45F8-AFB9-52CCA1006661}.Release|Any CPU.ActiveCfg = Release|Any CPU
		{285DA541-74D2-45F8-AFB9-52CCA1006661}.Release|Any CPU.Build.0 = Release|Any CPU
	EndGlobalSection
	GlobalSection(SolutionProperties) = preSolution
		HideSolutionNode = FALSE
	EndGlobalSection
	GlobalSection(ExtensibilityGlobals) = postSolution
		SolutionGuid = {B9A852F2-C4EC-4523-8F12-288D1B329BF3}
	EndGlobalSection
EndGlobal
